// !$*UTF8*$!
{
	archiveVersion = 1;
	classes = {
	};
	objectVersion = 46;
	objects = {

/* Begin PBXBuildFile section */
		615E239C1E65562400BB6A80 /* AppDelegate.swift in Sources */ = {isa = PBXBuildFile; fileRef = 615E239B1E65562400BB6A80 /* AppDelegate.swift */; };
		615E239E1E65562400BB6A80 /* ViewController.swift in Sources */ = {isa = PBXBuildFile; fileRef = 615E239D1E65562400BB6A80 /* ViewController.swift */; };
		615E23A11E65562400BB6A80 /* Main.storyboard in Resources */ = {isa = PBXBuildFile; fileRef = 615E239F1E65562400BB6A80 /* Main.storyboard */; };
		615E23A31E65562400BB6A80 /* Assets.xcassets in Resources */ = {isa = PBXBuildFile; fileRef = 615E23A21E65562400BB6A80 /* Assets.xcassets */; };
		615E23A61E65562400BB6A80 /* LaunchScreen.storyboard in Resources */ = {isa = PBXBuildFile; fileRef = 615E23A41E65562400BB6A80 /* LaunchScreen.storyboard */; };
		615E23B11E65562400BB6A80 /* TwitterAppTests.swift in Sources */ = {isa = PBXBuildFile; fileRef = 615E23B01E65562400BB6A80 /* TwitterAppTests.swift */; };
		615E23BC1E65562400BB6A80 /* TwitterAppUITests.swift in Sources */ = {isa = PBXBuildFile; fileRef = 615E23BB1E65562400BB6A80 /* TwitterAppUITests.swift */; };
/* End PBXBuildFile section */

/* Begin PBXContainerItemProxy section */
		615E23AD1E65562400BB6A80 /* PBXContainerItemProxy */ = {
			isa = PBXContainerItemProxy;
			containerPortal = 615E23901E65562400BB6A80 /* Project object */;
			proxyType = 1;
			remoteGlobalIDString = 615E23971E65562400BB6A80;
			remoteInfo = TwitterApp;
		};
		615E23B81E65562400BB6A80 /* PBXContainerItemProxy */ = {
			isa = PBXContainerItemProxy;
			containerPortal = 615E23901E65562400BB6A80 /* Project object */;
			proxyType = 1;
			remoteGlobalIDString = 615E23971E65562400BB6A80;
			remoteInfo = TwitterApp;
		};
/* End PBXContainerItemProxy section */

/* Begin PBXFileReference section */
		615E23981E65562400BB6A80 /* TwitterApp.app */ = {isa = PBXFileReference; explicitFileType = wrapper.application; includeInIndex = 0; path = TwitterApp.app; sourceTree = BUILT_PRODUCTS_DIR; };
		615E239B1E65562400BB6A80 /* AppDelegate.swift */ = {isa = PBXFileReference; lastKnownFileType = sourcecode.swift; path = AppDelegate.swift; sourceTree = "<group>"; };
		615E239D1E65562400BB6A80 /* ViewController.swift */ = {isa = PBXFileReference; lastKnownFileType = sourcecode.swift; path = ViewController.swift; sourceTree = "<group>"; };
		615E23A01E65562400BB6A80 /* Base */ = {isa = PBXFileReference; lastKnownFileType = file.storyboard; name = Base; path = Base.lproj/Main.storyboard; sourceTree = "<group>"; };
		615E23A21E65562400BB6A80 /* Assets.xcassets */ = {isa = PBXFileReference; lastKnownFileType = folder.assetcatalog; path = Assets.xcassets; sourceTree = "<group>"; };
		615E23A51E65562400BB6A80 /* Base */ = {isa = PBXFileReference; lastKnownFileType = file.storyboard; name = Base; path = Base.lproj/LaunchScreen.storyboard; sourceTree = "<group>"; };
		615E23A71E65562400BB6A80 /* Info.plist */ = {isa = PBXFileReference; lastKnownFileType = text.plist.xml; path = Info.plist; sourceTree = "<group>"; };
		615E23AC1E65562400BB6A80 /* TwitterAppTests.xctest */ = {isa = PBXFileReference; explicitFileType = wrapper.cfbundle; includeInIndex = 0; path = TwitterAppTests.xctest; sourceTree = BUILT_PRODUCTS_DIR; };
		615E23B01E65562400BB6A80 /* TwitterAppTests.swift */ = {isa = PBXFileReference; lastKnownFileType = sourcecode.swift; path = TwitterAppTests.swift; sourceTree = "<group>"; };
		615E23B21E65562400BB6A80 /* Info.plist */ = {isa = PBXFileReference; lastKnownFileType = text.plist.xml; path = Info.plist; sourceTree = "<group>"; };
		615E23B71E65562400BB6A80 /* TwitterAppUITests.xctest */ = {isa = PBXFileReference; explicitFileType = wrapper.cfbundle; includeInIndex = 0; path = TwitterAppUITests.xctest; sourceTree = BUILT_PRODUCTS_DIR; };
		615E23BB1E65562400BB6A80 /* TwitterAppUITests.swift */ = {isa = PBXFileReference; lastKnownFileType = sourcecode.swift; path = TwitterAppUITests.swift; sourceTree = "<group>"; };
		615E23BD1E65562400BB6A80 /* Info.plist */ = {isa = PBXFileReference; lastKnownFileType = text.plist.xml; path = Info.plist; sourceTree = "<group>"; };
/* End PBXFileReference section */

/* Begin PBXFrameworksBuildPhase section */
		615E23951E65562400BB6A80 /* Frameworks */ = {
			isa = PBXFrameworksBuildPhase;
			buildActionMask = 2147483647;
			files = (
			);
			runOnlyForDeploymentPostprocessing = 0;
		};
		615E23A91E65562400BB6A80 /* Frameworks */ = {
			isa = PBXFrameworksBuildPhase;
			buildActionMask = 2147483647;
			files = (
			);
			runOnlyForDeploymentPostprocessing = 0;
		};
		615E23B41E65562400BB6A80 /* Frameworks */ = {
			isa = PBXFrameworksBuildPhase;
			buildActionMask = 2147483647;
			files = (
			);
			runOnlyForDeploymentPostprocessing = 0;
		};
/* End PBXFrameworksBuildPhase section */

/* Begin PBXGroup section */
		615E238F1E65562400BB6A80 = {
			isa = PBXGroup;
			children = (
				615E239A1E65562400BB6A80 /* TwitterApp */,
				615E23AF1E65562400BB6A80 /* TwitterAppTests */,
				615E23BA1E65562400BB6A80 /* TwitterAppUITests */,
				615E23991E65562400BB6A80 /* Products */,
			);
			sourceTree = "<group>";
		};
		615E23991E65562400BB6A80 /* Products */ = {
			isa = PBXGroup;
			children = (
				615E23981E65562400BB6A80 /* TwitterApp.app */,
				615E23AC1E65562400BB6A80 /* TwitterAppTests.xctest */,
				615E23B71E65562400BB6A80 /* TwitterAppUITests.xctest */,
			);
			name = Products;
			sourceTree = "<group>";
		};
		615E239A1E65562400BB6A80 /* TwitterApp */ = {
			isa = PBXGroup;
			children = (
				615E239B1E65562400BB6A80 /* AppDelegate.swift */,
				615E239D1E65562400BB6A80 /* ViewController.swift */,
				615E239F1E65562400BB6A80 /* Main.storyboard */,
				615E23A21E65562400BB6A80 /* Assets.xcassets */,
				615E23A41E65562400BB6A80 /* LaunchScreen.storyboard */,
				615E23A71E65562400BB6A80 /* Info.plist */,
			);
			path = TwitterApp;
			sourceTree = "<group>";
		};
		615E23AF1E65562400BB6A80 /* TwitterAppTests */ = {
			isa = PBXGroup;
			children = (
				615E23B01E65562400BB6A80 /* TwitterAppTests.swift */,
				615E23B21E65562400BB6A80 /* Info.plist */,
			);
			path = TwitterAppTests;
			sourceTree = "<group>";
		};
		615E23BA1E65562400BB6A80 /* TwitterAppUITests */ = {
			isa = PBXGroup;
			children = (
				615E23BB1E65562400BB6A80 /* TwitterAppUITests.swift */,
				615E23BD1E65562400BB6A80 /* Info.plist */,
			);
			path = TwitterAppUITests;
			sourceTree = "<group>";
		};
/* End PBXGroup section */

/* Begin PBXNativeTarget section */
		615E23971E65562400BB6A80 /* TwitterApp */ = {
			isa = PBXNativeTarget;
			buildConfigurationList = 615E23C01E65562400BB6A80 /* Build configuration list for PBXNativeTarget "TwitterApp" */;
			buildPhases = (
				615E23941E65562400BB6A80 /* Sources */,
				615E23951E65562400BB6A80 /* Frameworks */,
				615E23961E65562400BB6A80 /* Resources */,
			);
			buildRules = (
			);
			dependencies = (
			);
			name = TwitterApp;
			productName = TwitterApp;
			productReference = 615E23981E65562400BB6A80 /* TwitterApp.app */;
			productType = "com.apple.product-type.application";
		};
		615E23AB1E65562400BB6A80 /* TwitterAppTests */ = {
			isa = PBXNativeTarget;
			buildConfigurationList = 615E23C31E65562400BB6A80 /* Build configuration list for PBXNativeTarget "TwitterAppTests" */;
			buildPhases = (
				615E23A81E65562400BB6A80 /* Sources */,
				615E23A91E65562400BB6A80 /* Frameworks */,
				615E23AA1E65562400BB6A80 /* Resources */,
			);
			buildRules = (
			);
			dependencies = (
				615E23AE1E65562400BB6A80 /* PBXTargetDependency */,
			);
			name = TwitterAppTests;
			productName = TwitterAppTests;
			productReference = 615E23AC1E65562400BB6A80 /* TwitterAppTests.xctest */;
			productType = "com.apple.product-type.bundle.unit-test";
		};
		615E23B61E65562400BB6A80 /* TwitterAppUITests */ = {
			isa = PBXNativeTarget;
			buildConfigurationList = 615E23C61E65562400BB6A80 /* Build configuration list for PBXNativeTarget "TwitterAppUITests" */;
			buildPhases = (
				615E23B31E65562400BB6A80 /* Sources */,
				615E23B41E65562400BB6A80 /* Frameworks */,
				615E23B51E65562400BB6A80 /* Resources */,
			);
			buildRules = (
			);
			dependencies = (
				615E23B91E65562400BB6A80 /* PBXTargetDependency */,
			);
			name = TwitterAppUITests;
			productName = TwitterAppUITests;
			productReference = 615E23B71E65562400BB6A80 /* TwitterAppUITests.xctest */;
			productType = "com.apple.product-type.bundle.ui-testing";
		};
/* End PBXNativeTarget section */

/* Begin PBXProject section */
		615E23901E65562400BB6A80 /* Project object */ = {
			isa = PBXProject;
			attributes = {
				LastSwiftUpdateCheck = 0820;
				LastUpgradeCheck = 0820;
				ORGANIZATIONNAME = "Suraj Upreti";
				TargetAttributes = {
					615E23971E65562400BB6A80 = {
						CreatedOnToolsVersion = 8.2.1;
						ProvisioningStyle = Automatic;
					};
					615E23AB1E65562400BB6A80 = {
						CreatedOnToolsVersion = 8.2.1;
						ProvisioningStyle = Automatic;
						TestTargetID = 615E23971E65562400BB6A80;
					};
					615E23B61E65562400BB6A80 = {
						CreatedOnToolsVersion = 8.2.1;
						ProvisioningStyle = Automatic;
						TestTargetID = 615E23971E65562400BB6A80;
					};
				};
			};
			buildConfigurationList = 615E23931E65562400BB6A80 /* Build configuration list for PBXProject "TwitterApp" */;
			compatibilityVersion = "Xcode 3.2";
			developmentRegion = English;
			hasScannedForEncodings = 0;
			knownRegions = (
				en,
				Base,
			);
			mainGroup = 615E238F1E65562400BB6A80;
			productRefGroup = 615E23991E65562400BB6A80 /* Products */;
			projectDirPath = "";
			projectRoot = "";
			targets = (
				615E23971E65562400BB6A80 /* TwitterApp */,
				615E23AB1E65562400BB6A80 /* TwitterAppTests */,
				615E23B61E65562400BB6A80 /* TwitterAppUITests */,
			);
		};
/* End PBXProject section */

/* Begin PBXResourcesBuildPhase section */
		615E23961E65562400BB6A80 /* Resources */ = {
			isa = PBXResourcesBuildPhase;
			buildActionMask = 2147483647;
			files = (
				615E23A61E65562400BB6A80 /* LaunchScreen.storyboard in Resources */,
				615E23A31E65562400BB6A80 /* Assets.xcassets in Resources */,
				615E23A11E65562400BB6A80 /* Main.storyboard in Resources */,
			);
			runOnlyForDeploymentPostprocessing = 0;
		};
		615E23AA1E65562400BB6A80 /* Resources */ = {
			isa = PBXResourcesBuildPhase;
			buildActionMask = 2147483647;
			files = (
			);
			runOnlyForDeploymentPostprocessing = 0;
		};
		615E23B51E65562400BB6A80 /* Resources */ = {
			isa = PBXResourcesBuildPhase;
			buildActionMask = 2147483647;
			files = (
			);
			runOnlyForDeploymentPostprocessing = 0;
		};
/* End PBXResourcesBuildPhase section */

/* Begin PBXSourcesBuildPhase section */
		615E23941E65562400BB6A80 /* Sources */ = {
			isa = PBXSourcesBuildPhase;
			buildActionMask = 2147483647;
			files = (
				615E239E1E65562400BB6A80 /* ViewController.swift in Sources */,
				615E239C1E65562400BB6A80 /* AppDelegate.swift in Sources */,
			);
			runOnlyForDeploymentPostprocessing = 0;
		};
		615E23A81E65562400BB6A80 /* Sources */ = {
			isa = PBXSourcesBuildPhase;
			buildActionMask = 2147483647;
			files = (
				615E23B11E65562400BB6A80 /* TwitterAppTests.swift in Sources */,
			);
			runOnlyForDeploymentPostprocessing = 0;
		};
		615E23B31E65562400BB6A80 /* Sources */ = {
			isa = PBXSourcesBuildPhase;
			buildActionMask = 2147483647;
			files = (
				615E23BC1E65562400BB6A80 /* TwitterAppUITests.swift in Sources */,
			);
			runOnlyForDeploymentPostprocessing = 0;
		};
/* End PBXSourcesBuildPhase section */

/* Begin PBXTargetDependency section */
		615E23AE1E65562400BB6A80 /* PBXTargetDependency */ = {
			isa = PBXTargetDependency;
			target = 615E23971E65562400BB6A80 /* TwitterApp */;
			targetProxy = 615E23AD1E65562400BB6A80 /* PBXContainerItemProxy */;
		};
		615E23B91E65562400BB6A80 /* PBXTargetDependency */ = {
			isa = PBXTargetDependency;
			target = 615E23971E65562400BB6A80 /* TwitterApp */;
			targetProxy = 615E23B81E65562400BB6A80 /* PBXContainerItemProxy */;
		};
/* End PBXTargetDependency section */

/* Begin PBXVariantGroup section */
		615E239F1E65562400BB6A80 /* Main.storyboard */ = {
			isa = PBXVariantGroup;
			children = (
				615E23A01E65562400BB6A80 /* Base */,
			);
			name = Main.storyboard;
			sourceTree = "<group>";
		};
		615E23A41E65562400BB6A80 /* LaunchScreen.storyboard */ = {
			isa = PBXVariantGroup;
			children = (
				615E23A51E65562400BB6A80 /* Base */,
			);
			name = LaunchScreen.storyboard;
			sourceTree = "<group>";
		};
/* End PBXVariantGroup section */

/* Begin XCBuildConfiguration section */
		615E23BE1E65562400BB6A80 /* Debug */ = {
			isa = XCBuildConfiguration;
			buildSettings = {
				ALWAYS_SEARCH_USER_PATHS = NO;
				CLANG_ANALYZER_NONNULL = YES;
				CLANG_CXX_LANGUAGE_STANDARD = "gnu++0x";
				CLANG_CXX_LIBRARY = "libc++";
				CLANG_ENABLE_MODULES = YES;
				CLANG_ENABLE_OBJC_ARC = YES;
				CLANG_WARN_BOOL_CONVERSION = YES;
				CLANG_WARN_CONSTANT_CONVERSION = YES;
				CLANG_WARN_DIRECT_OBJC_ISA_USAGE = YES_ERROR;
				CLANG_WARN_DOCUMENTATION_COMMENTS = YES;
				CLANG_WARN_EMPTY_BODY = YES;
				CLANG_WARN_ENUM_CONVERSION = YES;
				CLANG_WARN_INFINITE_RECURSION = YES;
				CLANG_WARN_INT_CONVERSION = YES;
				CLANG_WARN_OBJC_ROOT_CLASS = YES_ERROR;
				CLANG_WARN_SUSPICIOUS_MOVE = YES;
				CLANG_WARN_UNREACHABLE_CODE = YES;
				CLANG_WARN__DUPLICATE_METHOD_MATCH = YES;
				"CODE_SIGN_IDENTITY[sdk=iphoneos*]" = "iPhone Developer";
				COPY_PHASE_STRIP = NO;
				DEBUG_INFORMATION_FORMAT = dwarf;
				ENABLE_STRICT_OBJC_MSGSEND = YES;
				ENABLE_TESTABILITY = YES;
				GCC_C_LANGUAGE_STANDARD = gnu99;
				GCC_DYNAMIC_NO_PIC = NO;
				GCC_NO_COMMON_BLOCKS = YES;
				GCC_OPTIMIZATION_LEVEL = 0;
				GCC_PREPROCESSOR_DEFINITIONS = (
					"DEBUG=1",
					"$(inherited)",
				);
				GCC_WARN_64_TO_32_BIT_CONVERSION = YES;
				GCC_WARN_ABOUT_RETURN_TYPE = YES_ERROR;
				GCC_WARN_UNDECLARED_SELECTOR = YES;
				GCC_WARN_UNINITIALIZED_AUTOS = YES_AGGRESSIVE;
				GCC_WARN_UNUSED_FUNCTION = YES;
				GCC_WARN_UNUSED_VARIABLE = YES;
				IPHONEOS_DEPLOYMENT_TARGET = 10.2;
				MTL_ENABLE_DEBUG_INFO = YES;
				ONLY_ACTIVE_ARCH = YES;
				SDKROOT = iphoneos;
				SWIFT_ACTIVE_COMPILATION_CONDITIONS = DEBUG;
				SWIFT_OPTIMIZATION_LEVEL = "-Onone";
			};
			name = Debug;
		};
		615E23BF1E65562400BB6A80 /* Release */ = {
			isa = XCBuildConfiguration;
			buildSettings = {
				ALWAYS_SEARCH_USER_PATHS = NO;
				CLANG_ANALYZER_NONNULL = YES;
				CLANG_CXX_LANGUAGE_STANDARD = "gnu++0x";
				CLANG_CXX_LIBRARY = "libc++";
				CLANG_ENABLE_MODULES = YES;
				CLANG_ENABLE_OBJC_ARC = YES;
				CLANG_WARN_BOOL_CONVERSION = YES;
				CLANG_WARN_CONSTANT_CONVERSION = YES;
				CLANG_WARN_DIRECT_OBJC_ISA_USAGE = YES_ERROR;
				CLANG_WARN_DOCUMENTATION_COMMENTS = YES;
				CLANG_WARN_EMPTY_BODY = YES;
				CLANG_WARN_ENUM_CONVERSION = YES;
				CLANG_WARN_INFINITE_RECURSION = YES;
				CLANG_WARN_INT_CONVERSION = YES;
				CLANG_WARN_OBJC_ROOT_CLASS = YES_ERROR;
				CLANG_WARN_SUSPICIOUS_MOVE = YES;
				CLANG_WARN_UNREACHABLE_CODE = YES;
				CLANG_WARN__DUPLICATE_METHOD_MATCH = YES;
				"CODE_SIGN_IDENTITY[sdk=iphoneos*]" = "iPhone Developer";
				COPY_PHASE_STRIP = NO;
				DEBUG_INFORMATION_FORMAT = "dwarf-with-dsym";
				ENABLE_NS_ASSERTIONS = NO;
				ENABLE_STRICT_OBJC_MSGSEND = YES;
				GCC_C_LANGUAGE_STANDARD = gnu99;
				GCC_NO_COMMON_BLOCKS = YES;
				GCC_WARN_64_TO_32_BIT_CONVERSION = YES;
				GCC_WARN_ABOUT_RETURN_TYPE = YES_ERROR;
				GCC_WARN_UNDECLARED_SELECTOR = YES;
				GCC_WARN_UNINITIALIZED_AUTOS = YES_AGGRESSIVE;
				GCC_WARN_UNUSED_FUNCTION = YES;
				GCC_WARN_UNUSED_VARIABLE = YES;
				IPHONEOS_DEPLOYMENT_TARGET = 10.2;
				MTL_ENABLE_DEBUG_INFO = NO;
				SDKROOT = iphoneos;
				SWIFT_OPTIMIZATION_LEVEL = "-Owholemodule";
				VALIDATE_PRODUCT = YES;
			};
			name = Release;
		};
		615E23C11E65562400BB6A80 /* Debug */ = {
			isa = XCBuildConfiguration;
			buildSettings = {
				ASSETCATALOG_COMPILER_APPICON_NAME = AppIcon;
				INFOPLIST_FILE = TwitterApp/Info.plist;
				LD_RUNPATH_SEARCH_PATHS = "$(inherited) @executable_path/Frameworks";
				PRODUCT_BUNDLE_IDENTIFIER = SU.TwitterApp;
				PRODUCT_NAME = "$(TARGET_NAME)";
				SWIFT_VERSION = 3.0;
			};
			name = Debug;
		};
		615E23C21E65562400BB6A80 /* Release */ = {
			isa = XCBuildConfiguration;
			buildSettings = {
				ASSETCATALOG_COMPILER_APPICON_NAME = AppIcon;
				INFOPLIST_FILE = TwitterApp/Info.plist;
				LD_RUNPATH_SEARCH_PATHS = "$(inherited) @executable_path/Frameworks";
				PRODUCT_BUNDLE_IDENTIFIER = SU.TwitterApp;
				PRODUCT_NAME = "$(TARGET_NAME)";
				SWIFT_VERSION = 3.0;
			};
			name = Release;
		};
		615E23C41E65562400BB6A80 /* Debug */ = {
			isa = XCBuildConfiguration;
			buildSettings = {
				ALWAYS_EMBED_SWIFT_STANDARD_LIBRARIES = YES;
				BUNDLE_LOADER = "$(TEST_HOST)";
				INFOPLIST_FILE = TwitterAppTests/Info.plist;
				LD_RUNPATH_SEARCH_PATHS = "$(inherited) @executable_path/Frameworks @loader_path/Frameworks";
				PRODUCT_BUNDLE_IDENTIFIER = SU.TwitterAppTests;
				PRODUCT_NAME = "$(TARGET_NAME)";
				SWIFT_VERSION = 3.0;
				TEST_HOST = "$(BUILT_PRODUCTS_DIR)/TwitterApp.app/TwitterApp";
			};
			name = Debug;
		};
		615E23C51E65562400BB6A80 /* Release */ = {
			isa = XCBuildConfiguration;
			buildSettings = {
				ALWAYS_EMBED_SWIFT_STANDARD_LIBRARIES = YES;
				BUNDLE_LOADER = "$(TEST_HOST)";
				INFOPLIST_FILE = TwitterAppTests/Info.plist;
				LD_RUNPATH_SEARCH_PATHS = "$(inherited) @executable_path/Frameworks @loader_path/Frameworks";
				PRODUCT_BUNDLE_IDENTIFIER = SU.TwitterAppTests;
				PRODUCT_NAME = "$(TARGET_NAME)";
				SWIFT_VERSION = 3.0;
				TEST_HOST = "$(BUILT_PRODUCTS_DIR)/TwitterApp.app/TwitterApp";
			};
			name = Release;
		};
		615E23C71E65562400BB6A80 /* Debug */ = {
			isa = XCBuildConfiguration;
			buildSettings = {
				ALWAYS_EMBED_SWIFT_STANDARD_LIBRARIES = YES;
				INFOPLIST_FILE = TwitterAppUITests/Info.plist;
				LD_RUNPATH_SEARCH_PATHS = "$(inherited) @executable_path/Frameworks @loader_path/Frameworks";
				PRODUCT_BUNDLE_IDENTIFIER = SU.TwitterAppUITests;
				PRODUCT_NAME = "$(TARGET_NAME)";
				SWIFT_VERSION = 3.0;
				TEST_TARGET_NAME = TwitterApp;
			};
			name = Debug;
		};
		615E23C81E65562400BB6A80 /* Release */ = {
			isa = XCBuildConfiguration;
			buildSettings = {
				ALWAYS_EMBED_SWIFT_STANDARD_LIBRARIES = YES;
				INFOPLIST_FILE = TwitterAppUITests/Info.plist;
				LD_RUNPATH_SEARCH_PATHS = "$(inherited) @executable_path/Frameworks @loader_path/Frameworks";
				PRODUCT_BUNDLE_IDENTIFIER = SU.TwitterAppUITests;
				PRODUCT_NAME = "$(TARGET_NAME)";
				SWIFT_VERSION = 3.0;
				TEST_TARGET_NAME = TwitterApp;
			};
			name = Release;
		};
/* End XCBuildConfiguration section */

/* Begin XCConfigurationList section */
		615E23931E65562400BB6A80 /* Build configuration list for PBXProject "TwitterApp" */ = {
			isa = XCConfigurationList;
			buildConfigurations = (
				615E23BE1E65562400BB6A80 /* Debug */,
				615E23BF1E65562400BB6A80 /* Release */,
			);
			defaultConfigurationIsVisible = 0;
			defaultConfigurationName = Release;
		};
		615E23C01E65562400BB6A80 /* Build configuration list for PBXNativeTarget "TwitterApp" */ = {
			isa = XCConfigurationList;
			buildConfigurations = (
				615E23C11E65562400BB6A80 /* Debug */,
				615E23C21E65562400BB6A80 /* Release */,
			);
			defaultConfigurationIsVisible = 0;
		};
		615E23C31E65562400BB6A80 /* Build configuration list for PBXNativeTarget "TwitterAppTests" */ = {
			isa = XCConfigurationList;
			buildConfigurations = (
				615E23C41E65562400BB6A80 /* Debug */,
				615E23C51E65562400BB6A80 /* Release */,
			);
			defaultConfigurationIsVisible = 0;
		};
		615E23C61E65562400BB6A80 /* Build configuration list for PBXNativeTarget "TwitterAppUITests" */ = {
			isa = XCConfigurationList;
			buildConfigurations = (
				615E23C71E65562400BB6A80 /* Debug */,
				615E23C81E65562400BB6A80 /* Release */,
			);
			defaultConfigurationIsVisible = 0;
		};
/* End XCConfigurationList section */
	};
	rootObject = 615E23901E65562400BB6A80 /* Project object */;
}
